
Microsoft Visual Studio Solution File, Format Version 12.00
# Visual Studio Version 17
VisualStudioVersion = 17.14.36408.4 d17.14
MinimumVisualStudioVersion = 10.0.40219.1
Project("{FAE04EC0-301F-11D3-BF4B-00C04F79EFBC}") = "Actividad2", "Actividad2\Actividad2.csproj", "{05CDB2A0-45FC-4DF9-8EB6-8906154C116A}"
EndProject
Global
	GlobalSection(SolutionConfigurationPlatforms) = preSolution
		Debug|Any CPU = Debug|Any CPU
		Release|Any CPU = Release|Any CPU
	EndGlobalSection
	GlobalSection(ProjectConfigurationPlatforms) = postSolution
		{05CDB2A0-45FC-4DF9-8EB6-8906154C116A}.Debug|Any CPU.ActiveCfg = Debug|Any CPU
		{05CDB2A0-45FC-4DF9-8EB6-8906154C116A}.Debug|Any CPU.Build.0 = Debug|Any CPU
		{05CDB2A0-45FC-4DF9-8EB6-8906154C116A}.Release|Any CPU.ActiveCfg = Release|Any CPU
		{05CDB2A0-45FC-4DF9-8EB6-8906154C116A}.Release|Any CPU.Build.0 = Release|Any CPU
	EndGlobalSection
	GlobalSection(SolutionProperties) = preSolution
		HideSolutionNode = FALSE
	EndGlobalSection
	GlobalSection(ExtensibilityGlobals) = postSolution
		SolutionGuid = {FBDB82B2-BD1B-438B-847D-12D8CAAD485F}
	EndGlobalSection
EndGlobal
