
Microsoft Visual Studio Solution File, Format Version 12.00
# Visual Studio Version 17
VisualStudioVersion = 17.0.31903.59
MinimumVisualStudioVersion = 10.0.40219.1
Project("{FAE04EC0-301F-11D3-BF4B-00C04F79EFBC}") = "Actividad2P3", "Actividad2P3.csproj", "{605EF95C-63E9-3BE7-F15F-837CD3D747E4}"
EndProject
Global
	GlobalSection(SolutionConfigurationPlatforms) = preSolution
		Debug|Any CPU = Debug|Any CPU
		Release|Any CPU = Release|Any CPU
	EndGlobalSection
	GlobalSection(ProjectConfigurationPlatforms) = postSolution
		{605EF95C-63E9-3BE7-F15F-837CD3D747E4}.Debug|Any CPU.ActiveCfg = Debug|Any CPU
		{605EF95C-63E9-3BE7-F15F-837CD3D747E4}.Debug|Any CPU.Build.0 = Debug|Any CPU
		{605EF95C-63E9-3BE7-F15F-837CD3D747E4}.Release|Any CPU.ActiveCfg = Release|Any CPU
		{605EF95C-63E9-3BE7-F15F-837CD3D747E4}.Release|Any CPU.Build.0 = Release|Any CPU
	EndGlobalSection
	GlobalSection(SolutionProperties) = preSolution
		HideSolutionNode = FALSE
	EndGlobalSection
	GlobalSection(ExtensibilityGlobals) = postSolution
		SolutionGuid = {AE3F7165-557A-4FB4-A409-D5EA1678C7EC}
	EndGlobalSection
EndGlobal
